// !$*UTF8*$!
{
	archiveVersion = 1;
	classes = {
	};
	objectVersion = 50;
	objects = {

/* Begin PBXBuildFile section */
		A7A7F407254DF0D900D2CCCE /* AppDelegate.swift in Sources */ = {isa = PBXBuildFile; fileRef = A7A7F406254DF0D900D2CCCE /* AppDelegate.swift */; };
		A7A7F409254DF0D900D2CCCE /* SceneDelegate.swift in Sources */ = {isa = PBXBuildFile; fileRef = A7A7F408254DF0D900D2CCCE /* SceneDelegate.swift */; };
		A7A7F40B254DF0D900D2CCCE /* ViewController.swift in Sources */ = {isa = PBXBuildFile; fileRef = A7A7F40A254DF0D900D2CCCE /* ViewController.swift */; };
		A7A7F40E254DF0D900D2CCCE /* Main.storyboard in Resources */ = {isa = PBXBuildFile; fileRef = A7A7F40C254DF0D900D2CCCE /* Main.storyboard */; };
		A7A7F410254DF0DA00D2CCCE /* Assets.xcassets in Resources */ = {isa = PBXBuildFile; fileRef = A7A7F40F254DF0DA00D2CCCE /* Assets.xcassets */; };
		A7A7F413254DF0DA00D2CCCE /* LaunchScreen.storyboard in Resources */ = {isa = PBXBuildFile; fileRef = A7A7F411254DF0DA00D2CCCE /* LaunchScreen.storyboard */; };
		A7A7F41E254DF0DA00D2CCCE /* ProductsEditorTests.swift in Sources */ = {isa = PBXBuildFile; fileRef = A7A7F41D254DF0DA00D2CCCE /* ProductsEditorTests.swift */; };
		A7A7F429254DF0DB00D2CCCE /* ProductsEditorUITests.swift in Sources */ = {isa = PBXBuildFile; fileRef = A7A7F428254DF0DB00D2CCCE /* ProductsEditorUITests.swift */; };
		D8CA847D57A3ABB5F0F742FF /* Pods_ProductsEditor.framework in Frameworks */ = {isa = PBXBuildFile; fileRef = 5245FA03BC9C17645614867D /* Pods_ProductsEditor.framework */; };
/* End PBXBuildFile section */

/* Begin PBXContainerItemProxy section */
		A7A7F41A254DF0DA00D2CCCE /* PBXContainerItemProxy */ = {
			isa = PBXContainerItemProxy;
			containerPortal = A7A7F3FB254DF0D900D2CCCE /* Project object */;
			proxyType = 1;
			remoteGlobalIDString = A7A7F402254DF0D900D2CCCE;
			remoteInfo = ProductsEditor;
		};
		A7A7F425254DF0DB00D2CCCE /* PBXContainerItemProxy */ = {
			isa = PBXContainerItemProxy;
			containerPortal = A7A7F3FB254DF0D900D2CCCE /* Project object */;
			proxyType = 1;
			remoteGlobalIDString = A7A7F402254DF0D900D2CCCE;
			remoteInfo = ProductsEditor;
		};
/* End PBXContainerItemProxy section */

/* Begin PBXFileReference section */
		5245FA03BC9C17645614867D /* Pods_ProductsEditor.framework */ = {isa = PBXFileReference; explicitFileType = wrapper.framework; includeInIndex = 0; path = Pods_ProductsEditor.framework; sourceTree = BUILT_PRODUCTS_DIR; };
		981DCE265D70C28D90DF6C82 /* Pods-ProductsEditor.debug.xcconfig */ = {isa = PBXFileReference; includeInIndex = 1; lastKnownFileType = text.xcconfig; name = "Pods-ProductsEditor.debug.xcconfig"; path = "Target Support Files/Pods-ProductsEditor/Pods-ProductsEditor.debug.xcconfig"; sourceTree = "<group>"; };
		99AAD3D0FD975156208B9468 /* Pods-ProductsEditor.release.xcconfig */ = {isa = PBXFileReference; includeInIndex = 1; lastKnownFileType = text.xcconfig; name = "Pods-ProductsEditor.release.xcconfig"; path = "Target Support Files/Pods-ProductsEditor/Pods-ProductsEditor.release.xcconfig"; sourceTree = "<group>"; };
		A7A7F403254DF0D900D2CCCE /* ProductsEditor.app */ = {isa = PBXFileReference; explicitFileType = wrapper.application; includeInIndex = 0; path = ProductsEditor.app; sourceTree = BUILT_PRODUCTS_DIR; };
		A7A7F406254DF0D900D2CCCE /* AppDelegate.swift */ = {isa = PBXFileReference; lastKnownFileType = sourcecode.swift; path = AppDelegate.swift; sourceTree = "<group>"; };
		A7A7F408254DF0D900D2CCCE /* SceneDelegate.swift */ = {isa = PBXFileReference; lastKnownFileType = sourcecode.swift; path = SceneDelegate.swift; sourceTree = "<group>"; };
		A7A7F40A254DF0D900D2CCCE /* ViewController.swift */ = {isa = PBXFileReference; lastKnownFileType = sourcecode.swift; path = ViewController.swift; sourceTree = "<group>"; };
		A7A7F40D254DF0D900D2CCCE /* Base */ = {isa = PBXFileReference; lastKnownFileType = file.storyboard; name = Base; path = Base.lproj/Main.storyboard; sourceTree = "<group>"; };
		A7A7F40F254DF0DA00D2CCCE /* Assets.xcassets */ = {isa = PBXFileReference; lastKnownFileType = folder.assetcatalog; path = Assets.xcassets; sourceTree = "<group>"; };
		A7A7F412254DF0DA00D2CCCE /* Base */ = {isa = PBXFileReference; lastKnownFileType = file.storyboard; name = Base; path = Base.lproj/LaunchScreen.storyboard; sourceTree = "<group>"; };
		A7A7F414254DF0DA00D2CCCE /* Info.plist */ = {isa = PBXFileReference; lastKnownFileType = text.plist.xml; path = Info.plist; sourceTree = "<group>"; };
		A7A7F419254DF0DA00D2CCCE /* ProductsEditorTests.xctest */ = {isa = PBXFileReference; explicitFileType = wrapper.cfbundle; includeInIndex = 0; path = ProductsEditorTests.xctest; sourceTree = BUILT_PRODUCTS_DIR; };
		A7A7F41D254DF0DA00D2CCCE /* ProductsEditorTests.swift */ = {isa = PBXFileReference; lastKnownFileType = sourcecode.swift; path = ProductsEditorTests.swift; sourceTree = "<group>"; };
		A7A7F41F254DF0DA00D2CCCE /* Info.plist */ = {isa = PBXFileReference; lastKnownFileType = text.plist.xml; path = Info.plist; sourceTree = "<group>"; };
		A7A7F424254DF0DB00D2CCCE /* ProductsEditorUITests.xctest */ = {isa = PBXFileReference; explicitFileType = wrapper.cfbundle; includeInIndex = 0; path = ProductsEditorUITests.xctest; sourceTree = BUILT_PRODUCTS_DIR; };
		A7A7F428254DF0DB00D2CCCE /* ProductsEditorUITests.swift */ = {isa = PBXFileReference; lastKnownFileType = sourcecode.swift; path = ProductsEditorUITests.swift; sourceTree = "<group>"; };
		A7A7F42A254DF0DB00D2CCCE /* Info.plist */ = {isa = PBXFileReference; lastKnownFileType = text.plist.xml; path = Info.plist; sourceTree = "<group>"; };
/* End PBXFileReference section */

/* Begin PBXFrameworksBuildPhase section */
		A7A7F400254DF0D900D2CCCE /* Frameworks */ = {
			isa = PBXFrameworksBuildPhase;
			buildActionMask = 2147483647;
			files = (
				D8CA847D57A3ABB5F0F742FF /* Pods_ProductsEditor.framework in Frameworks */,
			);
			runOnlyForDeploymentPostprocessing = 0;
		};
		A7A7F416254DF0DA00D2CCCE /* Frameworks */ = {
			isa = PBXFrameworksBuildPhase;
			buildActionMask = 2147483647;
			files = (
			);
			runOnlyForDeploymentPostprocessing = 0;
		};
		A7A7F421254DF0DB00D2CCCE /* Frameworks */ = {
			isa = PBXFrameworksBuildPhase;
			buildActionMask = 2147483647;
			files = (
			);
			runOnlyForDeploymentPostprocessing = 0;
		};
/* End PBXFrameworksBuildPhase section */

/* Begin PBXGroup section */
		859A94C75743B9BA62E3DF23 /* Frameworks */ = {
			isa = PBXGroup;
			children = (
				5245FA03BC9C17645614867D /* Pods_ProductsEditor.framework */,
			);
			name = Frameworks;
			sourceTree = "<group>";
		};
		A7A7F3FA254DF0D900D2CCCE = {
			isa = PBXGroup;
			children = (
				A7A7F405254DF0D900D2CCCE /* ProductsEditor */,
				A7A7F41C254DF0DA00D2CCCE /* ProductsEditorTests */,
				A7A7F427254DF0DB00D2CCCE /* ProductsEditorUITests */,
				A7A7F404254DF0D900D2CCCE /* Products */,
				C20ECE3F1374C14408DD4CAC /* Pods */,
				859A94C75743B9BA62E3DF23 /* Frameworks */,
			);
			sourceTree = "<group>";
		};
		A7A7F404254DF0D900D2CCCE /* Products */ = {
			isa = PBXGroup;
			children = (
				A7A7F403254DF0D900D2CCCE /* ProductsEditor.app */,
				A7A7F419254DF0DA00D2CCCE /* ProductsEditorTests.xctest */,
				A7A7F424254DF0DB00D2CCCE /* ProductsEditorUITests.xctest */,
			);
			name = Products;
			sourceTree = "<group>";
		};
		A7A7F405254DF0D900D2CCCE /* ProductsEditor */ = {
			isa = PBXGroup;
			children = (
				A7A7F406254DF0D900D2CCCE /* AppDelegate.swift */,
				A7A7F408254DF0D900D2CCCE /* SceneDelegate.swift */,
				A7A7F40A254DF0D900D2CCCE /* ViewController.swift */,
				A7A7F40C254DF0D900D2CCCE /* Main.storyboard */,
				A7A7F40F254DF0DA00D2CCCE /* Assets.xcassets */,
				A7A7F411254DF0DA00D2CCCE /* LaunchScreen.storyboard */,
				A7A7F414254DF0DA00D2CCCE /* Info.plist */,
			);
			path = ProductsEditor;
			sourceTree = "<group>";
		};
		A7A7F41C254DF0DA00D2CCCE /* ProductsEditorTests */ = {
			isa = PBXGroup;
			children = (
				A7A7F41D254DF0DA00D2CCCE /* ProductsEditorTests.swift */,
				A7A7F41F254DF0DA00D2CCCE /* Info.plist */,
			);
			path = ProductsEditorTests;
			sourceTree = "<group>";
		};
		A7A7F427254DF0DB00D2CCCE /* ProductsEditorUITests */ = {
			isa = PBXGroup;
			children = (
				A7A7F428254DF0DB00D2CCCE /* ProductsEditorUITests.swift */,
				A7A7F42A254DF0DB00D2CCCE /* Info.plist */,
			);
			path = ProductsEditorUITests;
			sourceTree = "<group>";
		};
		C20ECE3F1374C14408DD4CAC /* Pods */ = {
			isa = PBXGroup;
			children = (
				981DCE265D70C28D90DF6C82 /* Pods-ProductsEditor.debug.xcconfig */,
				99AAD3D0FD975156208B9468 /* Pods-ProductsEditor.release.xcconfig */,
			);
			name = Pods;
			path = Pods;
			sourceTree = "<group>";
		};
/* End PBXGroup section */

/* Begin PBXNativeTarget section */
		A7A7F402254DF0D900D2CCCE /* ProductsEditor */ = {
			isa = PBXNativeTarget;
			buildConfigurationList = A7A7F42D254DF0DB00D2CCCE /* Build configuration list for PBXNativeTarget "ProductsEditor" */;
			buildPhases = (
				56F6677566D0921602E510D4 /* [CP] Check Pods Manifest.lock */,
				A7A7F3FF254DF0D900D2CCCE /* Sources */,
				A7A7F400254DF0D900D2CCCE /* Frameworks */,
				A7A7F401254DF0D900D2CCCE /* Resources */,
				E6D721BB57679A71FB64CA53 /* [CP] Embed Pods Frameworks */,
			);
			buildRules = (
			);
			dependencies = (
			);
			name = ProductsEditor;
			productName = ProductsEditor;
			productReference = A7A7F403254DF0D900D2CCCE /* ProductsEditor.app */;
			productType = "com.apple.product-type.application";
		};
		A7A7F418254DF0DA00D2CCCE /* ProductsEditorTests */ = {
			isa = PBXNativeTarget;
			buildConfigurationList = A7A7F430254DF0DB00D2CCCE /* Build configuration list for PBXNativeTarget "ProductsEditorTests" */;
			buildPhases = (
				A7A7F415254DF0DA00D2CCCE /* Sources */,
				A7A7F416254DF0DA00D2CCCE /* Frameworks */,
				A7A7F417254DF0DA00D2CCCE /* Resources */,
			);
			buildRules = (
			);
			dependencies = (
				A7A7F41B254DF0DA00D2CCCE /* PBXTargetDependency */,
			);
			name = ProductsEditorTests;
			productName = ProductsEditorTests;
			productReference = A7A7F419254DF0DA00D2CCCE /* ProductsEditorTests.xctest */;
			productType = "com.apple.product-type.bundle.unit-test";
		};
		A7A7F423254DF0DB00D2CCCE /* ProductsEditorUITests */ = {
			isa = PBXNativeTarget;
			buildConfigurationList = A7A7F433254DF0DB00D2CCCE /* Build configuration list for PBXNativeTarget "ProductsEditorUITests" */;
			buildPhases = (
				A7A7F420254DF0DB00D2CCCE /* Sources */,
				A7A7F421254DF0DB00D2CCCE /* Frameworks */,
				A7A7F422254DF0DB00D2CCCE /* Resources */,
			);
			buildRules = (
			);
			dependencies = (
				A7A7F426254DF0DB00D2CCCE /* PBXTargetDependency */,
			);
			name = ProductsEditorUITests;
			productName = ProductsEditorUITests;
			productReference = A7A7F424254DF0DB00D2CCCE /* ProductsEditorUITests.xctest */;
			productType = "com.apple.product-type.bundle.ui-testing";
		};
/* End PBXNativeTarget section */

/* Begin PBXProject section */
		A7A7F3FB254DF0D900D2CCCE /* Project object */ = {
			isa = PBXProject;
			attributes = {
				LastSwiftUpdateCheck = 1200;
				LastUpgradeCheck = 1200;
				TargetAttributes = {
					A7A7F402254DF0D900D2CCCE = {
						CreatedOnToolsVersion = 12.0.1;
					};
					A7A7F418254DF0DA00D2CCCE = {
						CreatedOnToolsVersion = 12.0.1;
						TestTargetID = A7A7F402254DF0D900D2CCCE;
					};
					A7A7F423254DF0DB00D2CCCE = {
						CreatedOnToolsVersion = 12.0.1;
						TestTargetID = A7A7F402254DF0D900D2CCCE;
					};
				};
			};
			buildConfigurationList = A7A7F3FE254DF0D900D2CCCE /* Build configuration list for PBXProject "ProductsEditor" */;
			compatibilityVersion = "Xcode 9.3";
			developmentRegion = en;
			hasScannedForEncodings = 0;
			knownRegions = (
				en,
				Base,
			);
			mainGroup = A7A7F3FA254DF0D900D2CCCE;
			productRefGroup = A7A7F404254DF0D900D2CCCE /* Products */;
			projectDirPath = "";
			projectRoot = "";
			targets = (
				A7A7F402254DF0D900D2CCCE /* ProductsEditor */,
				A7A7F418254DF0DA00D2CCCE /* ProductsEditorTests */,
				A7A7F423254DF0DB00D2CCCE /* ProductsEditorUITests */,
			);
		};
/* End PBXProject section */

/* Begin PBXResourcesBuildPhase section */
		A7A7F401254DF0D900D2CCCE /* Resources */ = {
			isa = PBXResourcesBuildPhase;
			buildActionMask = 2147483647;
			files = (
				A7A7F413254DF0DA00D2CCCE /* LaunchScreen.storyboard in Resources */,
				A7A7F410254DF0DA00D2CCCE /* Assets.xcassets in Resources */,
				A7A7F40E254DF0D900D2CCCE /* Main.storyboard in Resources */,
			);
			runOnlyForDeploymentPostprocessing = 0;
		};
		A7A7F417254DF0DA00D2CCCE /* Resources */ = {
			isa = PBXResourcesBuildPhase;
			buildActionMask = 2147483647;
			files = (
			);
			runOnlyForDeploymentPostprocessing = 0;
		};
		A7A7F422254DF0DB00D2CCCE /* Resources */ = {
			isa = PBXResourcesBuildPhase;
			buildActionMask = 2147483647;
			files = (
			);
			runOnlyForDeploymentPostprocessing = 0;
		};
/* End PBXResourcesBuildPhase section */

/* Begin PBXShellScriptBuildPhase section */
		56F6677566D0921602E510D4 /* [CP] Check Pods Manifest.lock */ = {
			isa = PBXShellScriptBuildPhase;
			buildActionMask = 2147483647;
			files = (
			);
			inputFileListPaths = (
			);
			inputPaths = (
				"${PODS_PODFILE_DIR_PATH}/Podfile.lock",
				"${PODS_ROOT}/Manifest.lock",
			);
			name = "[CP] Check Pods Manifest.lock";
			outputFileListPaths = (
			);
			outputPaths = (
				"$(DERIVED_FILE_DIR)/Pods-ProductsEditor-checkManifestLockResult.txt",
			);
			runOnlyForDeploymentPostprocessing = 0;
			shellPath = /bin/sh;
			shellScript = "diff \"${PODS_PODFILE_DIR_PATH}/Podfile.lock\" \"${PODS_ROOT}/Manifest.lock\" > /dev/null\nif [ $? != 0 ] ; then\n    # print error to STDERR\n    echo \"error: The sandbox is not in sync with the Podfile.lock. Run 'pod install' or update your CocoaPods installation.\" >&2\n    exit 1\nfi\n# This output is used by Xcode 'outputs' to avoid re-running this script phase.\necho \"SUCCESS\" > \"${SCRIPT_OUTPUT_FILE_0}\"\n";
			showEnvVarsInLog = 0;
		};
		E6D721BB57679A71FB64CA53 /* [CP] Embed Pods Frameworks */ = {
			isa = PBXShellScriptBuildPhase;
			buildActionMask = 2147483647;
			files = (
			);
			inputFileListPaths = (
				"${PODS_ROOT}/Target Support Files/Pods-ProductsEditor/Pods-ProductsEditor-frameworks-${CONFIGURATION}-input-files.xcfilelist",
			);
			name = "[CP] Embed Pods Frameworks";
			outputFileListPaths = (
				"${PODS_ROOT}/Target Support Files/Pods-ProductsEditor/Pods-ProductsEditor-frameworks-${CONFIGURATION}-output-files.xcfilelist",
			);
			runOnlyForDeploymentPostprocessing = 0;
			shellPath = /bin/sh;
			shellScript = "\"${PODS_ROOT}/Target Support Files/Pods-ProductsEditor/Pods-ProductsEditor-frameworks.sh\"\n";
			showEnvVarsInLog = 0;
		};
/* End PBXShellScriptBuildPhase section */

/* Begin PBXSourcesBuildPhase section */
		A7A7F3FF254DF0D900D2CCCE /* Sources */ = {
			isa = PBXSourcesBuildPhase;
			buildActionMask = 2147483647;
			files = (
				A7A7F40B254DF0D900D2CCCE /* ViewController.swift in Sources */,
				A7A7F407254DF0D900D2CCCE /* AppDelegate.swift in Sources */,
				A7A7F409254DF0D900D2CCCE /* SceneDelegate.swift in Sources */,
			);
			runOnlyForDeploymentPostprocessing = 0;
		};
		A7A7F415254DF0DA00D2CCCE /* Sources */ = {
			isa = PBXSourcesBuildPhase;
			buildActionMask = 2147483647;
			files = (
				A7A7F41E254DF0DA00D2CCCE /* ProductsEditorTests.swift in Sources */,
			);
			runOnlyForDeploymentPostprocessing = 0;
		};
		A7A7F420254DF0DB00D2CCCE /* Sources */ = {
			isa = PBXSourcesBuildPhase;
			buildActionMask = 2147483647;
			files = (
				A7A7F429254DF0DB00D2CCCE /* ProductsEditorUITests.swift in Sources */,
			);
			runOnlyForDeploymentPostprocessing = 0;
		};
/* End PBXSourcesBuildPhase section */

/* Begin PBXTargetDependency section */
		A7A7F41B254DF0DA00D2CCCE /* PBXTargetDependency */ = {
			isa = PBXTargetDependency;
			target = A7A7F402254DF0D900D2CCCE /* ProductsEditor */;
			targetProxy = A7A7F41A254DF0DA00D2CCCE /* PBXContainerItemProxy */;
		};
		A7A7F426254DF0DB00D2CCCE /* PBXTargetDependency */ = {
			isa = PBXTargetDependency;
			target = A7A7F402254DF0D900D2CCCE /* ProductsEditor */;
			targetProxy = A7A7F425254DF0DB00D2CCCE /* PBXContainerItemProxy */;
		};
/* End PBXTargetDependency section */

/* Begin PBXVariantGroup section */
		A7A7F40C254DF0D900D2CCCE /* Main.storyboard */ = {
			isa = PBXVariantGroup;
			children = (
				A7A7F40D254DF0D900D2CCCE /* Base */,
			);
			name = Main.storyboard;
			sourceTree = "<group>";
		};
		A7A7F411254DF0DA00D2CCCE /* LaunchScreen.storyboard */ = {
			isa = PBXVariantGroup;
			children = (
				A7A7F412254DF0DA00D2CCCE /* Base */,
			);
			name = LaunchScreen.storyboard;
			sourceTree = "<group>";
		};
/* End PBXVariantGroup section */

/* Begin XCBuildConfiguration section */
		A7A7F42B254DF0DB00D2CCCE /* Debug */ = {
			isa = XCBuildConfiguration;
			buildSettings = {
				ALWAYS_SEARCH_USER_PATHS = NO;
				CLANG_ANALYZER_NONNULL = YES;
				CLANG_ANALYZER_NUMBER_OBJECT_CONVERSION = YES_AGGRESSIVE;
				CLANG_CXX_LANGUAGE_STANDARD = "gnu++14";
				CLANG_CXX_LIBRARY = "libc++";
				CLANG_ENABLE_MODULES = YES;
				CLANG_ENABLE_OBJC_ARC = YES;
				CLANG_ENABLE_OBJC_WEAK = YES;
				CLANG_WARN_BLOCK_CAPTURE_AUTORELEASING = YES;
				CLANG_WARN_BOOL_CONVERSION = YES;
				CLANG_WARN_COMMA = YES;
				CLANG_WARN_CONSTANT_CONVERSION = YES;
				CLANG_WARN_DEPRECATED_OBJC_IMPLEMENTATIONS = YES;
				CLANG_WARN_DIRECT_OBJC_ISA_USAGE = YES_ERROR;
				CLANG_WARN_DOCUMENTATION_COMMENTS = YES;
				CLANG_WARN_EMPTY_BODY = YES;
				CLANG_WARN_ENUM_CONVERSION = YES;
				CLANG_WARN_INFINITE_RECURSION = YES;
				CLANG_WARN_INT_CONVERSION = YES;
				CLANG_WARN_NON_LITERAL_NULL_CONVERSION = YES;
				CLANG_WARN_OBJC_IMPLICIT_RETAIN_SELF = YES;
				CLANG_WARN_OBJC_LITERAL_CONVERSION = YES;
				CLANG_WARN_OBJC_ROOT_CLASS = YES_ERROR;
				CLANG_WARN_QUOTED_INCLUDE_IN_FRAMEWORK_HEADER = YES;
				CLANG_WARN_RANGE_LOOP_ANALYSIS = YES;
				CLANG_WARN_STRICT_PROTOTYPES = YES;
				CLANG_WARN_SUSPICIOUS_MOVE = YES;
				CLANG_WARN_UNGUARDED_AVAILABILITY = YES_AGGRESSIVE;
				CLANG_WARN_UNREACHABLE_CODE = YES;
				CLANG_WARN__DUPLICATE_METHOD_MATCH = YES;
				COPY_PHASE_STRIP = NO;
				DEBUG_INFORMATION_FORMAT = dwarf;
				ENABLE_STRICT_OBJC_MSGSEND = YES;
				ENABLE_TESTABILITY = YES;
				GCC_C_LANGUAGE_STANDARD = gnu11;
				GCC_DYNAMIC_NO_PIC = NO;
				GCC_NO_COMMON_BLOCKS = YES;
				GCC_OPTIMIZATION_LEVEL = 0;
				GCC_PREPROCESSOR_DEFINITIONS = (
					"DEBUG=1",
					"$(inherited)",
				);
				GCC_WARN_64_TO_32_BIT_CONVERSION = YES;
				GCC_WARN_ABOUT_RETURN_TYPE = YES_ERROR;
				GCC_WARN_UNDECLARED_SELECTOR = YES;
				GCC_WARN_UNINITIALIZED_AUTOS = YES_AGGRESSIVE;
				GCC_WARN_UNUSED_FUNCTION = YES;
				GCC_WARN_UNUSED_VARIABLE = YES;
				IPHONEOS_DEPLOYMENT_TARGET = 13.0;
				MTL_ENABLE_DEBUG_INFO = INCLUDE_SOURCE;
				MTL_FAST_MATH = YES;
				ONLY_ACTIVE_ARCH = YES;
				SDKROOT = iphoneos;
				SWIFT_ACTIVE_COMPILATION_CONDITIONS = DEBUG;
				SWIFT_OPTIMIZATION_LEVEL = "-Onone";
			};
			name = Debug;
		};
		A7A7F42C254DF0DB00D2CCCE /* Release */ = {
			isa = XCBuildConfiguration;
			buildSettings = {
				ALWAYS_SEARCH_USER_PATHS = NO;
				CLANG_ANALYZER_NONNULL = YES;
				CLANG_ANALYZER_NUMBER_OBJECT_CONVERSION = YES_AGGRESSIVE;
				CLANG_CXX_LANGUAGE_STANDARD = "gnu++14";
				CLANG_CXX_LIBRARY = "libc++";
				CLANG_ENABLE_MODULES = YES;
				CLANG_ENABLE_OBJC_ARC = YES;
				CLANG_ENABLE_OBJC_WEAK = YES;
				CLANG_WARN_BLOCK_CAPTURE_AUTORELEASING = YES;
				CLANG_WARN_BOOL_CONVERSION = YES;
				CLANG_WARN_COMMA = YES;
				CLANG_WARN_CONSTANT_CONVERSION = YES;
				CLANG_WARN_DEPRECATED_OBJC_IMPLEMENTATIONS = YES;
				CLANG_WARN_DIRECT_OBJC_ISA_USAGE = YES_ERROR;
				CLANG_WARN_DOCUMENTATION_COMMENTS = YES;
				CLANG_WARN_EMPTY_BODY = YES;
				CLANG_WARN_ENUM_CONVERSION = YES;
				CLANG_WARN_INFINITE_RECURSION = YES;
				CLANG_WARN_INT_CONVERSION = YES;
				CLANG_WARN_NON_LITERAL_NULL_CONVERSION = YES;
				CLANG_WARN_OBJC_IMPLICIT_RETAIN_SELF = YES;
				CLANG_WARN_OBJC_LITERAL_CONVERSION = YES;
				CLANG_WARN_OBJC_ROOT_CLASS = YES_ERROR;
				CLANG_WARN_QUOTED_INCLUDE_IN_FRAMEWORK_HEADER = YES;
				CLANG_WARN_RANGE_LOOP_ANALYSIS = YES;
				CLANG_WARN_STRICT_PROTOTYPES = YES;
				CLANG_WARN_SUSPICIOUS_MOVE = YES;
				CLANG_WARN_UNGUARDED_AVAILABILITY = YES_AGGRESSIVE;
				CLANG_WARN_UNREACHABLE_CODE = YES;
				CLANG_WARN__DUPLICATE_METHOD_MATCH = YES;
				COPY_PHASE_STRIP = NO;
				DEBUG_INFORMATION_FORMAT = "dwarf-with-dsym";
				ENABLE_NS_ASSERTIONS = NO;
				ENABLE_STRICT_OBJC_MSGSEND = YES;
				GCC_C_LANGUAGE_STANDARD = gnu11;
				GCC_NO_COMMON_BLOCKS = YES;
				GCC_WARN_64_TO_32_BIT_CONVERSION = YES;
				GCC_WARN_ABOUT_RETURN_TYPE = YES_ERROR;
				GCC_WARN_UNDECLARED_SELECTOR = YES;
				GCC_WARN_UNINITIALIZED_AUTOS = YES_AGGRESSIVE;
				GCC_WARN_UNUSED_FUNCTION = YES;
				GCC_WARN_UNUSED_VARIABLE = YES;
				IPHONEOS_DEPLOYMENT_TARGET = 13.0;
				MTL_ENABLE_DEBUG_INFO = NO;
				MTL_FAST_MATH = YES;
				SDKROOT = iphoneos;
				SWIFT_COMPILATION_MODE = wholemodule;
				SWIFT_OPTIMIZATION_LEVEL = "-O";
				VALIDATE_PRODUCT = YES;
			};
			name = Release;
		};
		A7A7F42E254DF0DB00D2CCCE /* Debug */ = {
			isa = XCBuildConfiguration;
			baseConfigurationReference = 981DCE265D70C28D90DF6C82 /* Pods-ProductsEditor.debug.xcconfig */;
			buildSettings = {
				ASSETCATALOG_COMPILER_APPICON_NAME = AppIcon;
				ASSETCATALOG_COMPILER_GLOBAL_ACCENT_COLOR_NAME = AccentColor;
				CODE_SIGN_STYLE = Automatic;
				DEVELOPMENT_TEAM = J3XFT964L7;
				INFOPLIST_FILE = ProductsEditor/Info.plist;
				IPHONEOS_DEPLOYMENT_TARGET = 13.0;
				LD_RUNPATH_SEARCH_PATHS = (
					"$(inherited)",
					"@executable_path/Frameworks",
				);
				PRODUCT_BUNDLE_IDENTIFIER = com.mauroromito.ProductsEditor;
				PRODUCT_NAME = "$(TARGET_NAME)";
				SWIFT_VERSION = 5.0;
				TARGETED_DEVICE_FAMILY = 1;
			};
			name = Debug;
		};
		A7A7F42F254DF0DB00D2CCCE /* Release */ = {
			isa = XCBuildConfiguration;
			baseConfigurationReference = 99AAD3D0FD975156208B9468 /* Pods-ProductsEditor.release.xcconfig */;
			buildSettings = {
				ASSETCATALOG_COMPILER_APPICON_NAME = AppIcon;
				ASSETCATALOG_COMPILER_GLOBAL_ACCENT_COLOR_NAME = AccentColor;
				CODE_SIGN_STYLE = Automatic;
				DEVELOPMENT_TEAM = J3XFT964L7;
				INFOPLIST_FILE = ProductsEditor/Info.plist;
				IPHONEOS_DEPLOYMENT_TARGET = 13.0;
				LD_RUNPATH_SEARCH_PATHS = (
					"$(inherited)",
					"@executable_path/Frameworks",
				);
				PRODUCT_BUNDLE_IDENTIFIER = com.mauroromito.ProductsEditor;
				PRODUCT_NAME = "$(TARGET_NAME)";
				SWIFT_VERSION = 5.0;
				TARGETED_DEVICE_FAMILY = 1;
			};
			name = Release;
		};
		A7A7F431254DF0DB00D2CCCE /* Debug */ = {
			isa = XCBuildConfiguration;
			buildSettings = {
				ALWAYS_EMBED_SWIFT_STANDARD_LIBRARIES = YES;
				BUNDLE_LOADER = "$(TEST_HOST)";
				CODE_SIGN_STYLE = Automatic;
				DEVELOPMENT_TEAM = J3XFT964L7;
				INFOPLIST_FILE = ProductsEditorTests/Info.plist;
				IPHONEOS_DEPLOYMENT_TARGET = 14.0;
				LD_RUNPATH_SEARCH_PATHS = (
					"$(inherited)",
					"@executable_path/Frameworks",
					"@loader_path/Frameworks",
				);
				PRODUCT_BUNDLE_IDENTIFIER = com.mauroromito.ProductsEditorTests;
				PRODUCT_NAME = "$(TARGET_NAME)";
				SWIFT_VERSION = 5.0;
				TARGETED_DEVICE_FAMILY = "1,2";
				TEST_HOST = "$(BUILT_PRODUCTS_DIR)/ProductsEditor.app/ProductsEditor";
			};
			name = Debug;
		};
		A7A7F432254DF0DB00D2CCCE /* Release */ = {
			isa = XCBuildConfiguration;
			buildSettings = {
				ALWAYS_EMBED_SWIFT_STANDARD_LIBRARIES = YES;
				BUNDLE_LOADER = "$(TEST_HOST)";
				CODE_SIGN_STYLE = Automatic;
				DEVELOPMENT_TEAM = J3XFT964L7;
				INFOPLIST_FILE = ProductsEditorTests/Info.plist;
				IPHONEOS_DEPLOYMENT_TARGET = 14.0;
				LD_RUNPATH_SEARCH_PATHS = (
					"$(inherited)",
					"@executable_path/Frameworks",
					"@loader_path/Frameworks",
				);
				PRODUCT_BUNDLE_IDENTIFIER = com.mauroromito.ProductsEditorTests;
				PRODUCT_NAME = "$(TARGET_NAME)";
				SWIFT_VERSION = 5.0;
				TARGETED_DEVICE_FAMILY = "1,2";
				TEST_HOST = "$(BUILT_PRODUCTS_DIR)/ProductsEditor.app/ProductsEditor";
			};
			name = Release;
		};
		A7A7F434254DF0DB00D2CCCE /* Debug */ = {
			isa = XCBuildConfiguration;
			buildSettings = {
				ALWAYS_EMBED_SWIFT_STANDARD_LIBRARIES = YES;
				CODE_SIGN_STYLE = Automatic;
				DEVELOPMENT_TEAM = J3XFT964L7;
				INFOPLIST_FILE = ProductsEditorUITests/Info.plist;
				LD_RUNPATH_SEARCH_PATHS = (
					"$(inherited)",
					"@executable_path/Frameworks",
					"@loader_path/Frameworks",
				);
				PRODUCT_BUNDLE_IDENTIFIER = com.mauroromito.ProductsEditorUITests;
				PRODUCT_NAME = "$(TARGET_NAME)";
				SWIFT_VERSION = 5.0;
				TARGETED_DEVICE_FAMILY = "1,2";
				TEST_TARGET_NAME = ProductsEditor;
			};
			name = Debug;
		};
		A7A7F435254DF0DB00D2CCCE /* Release */ = {
			isa = XCBuildConfiguration;
			buildSettings = {
				ALWAYS_EMBED_SWIFT_STANDARD_LIBRARIES = YES;
				CODE_SIGN_STYLE = Automatic;
				DEVELOPMENT_TEAM = J3XFT964L7;
				INFOPLIST_FILE = ProductsEditorUITests/Info.plist;
				LD_RUNPATH_SEARCH_PATHS = (
					"$(inherited)",
					"@executable_path/Frameworks",
					"@loader_path/Frameworks",
				);
				PRODUCT_BUNDLE_IDENTIFIER = com.mauroromito.ProductsEditorUITests;
				PRODUCT_NAME = "$(TARGET_NAME)";
				SWIFT_VERSION = 5.0;
				TARGETED_DEVICE_FAMILY = "1,2";
				TEST_TARGET_NAME = ProductsEditor;
			};
			name = Release;
		};
/* End XCBuildConfiguration section */

/* Begin XCConfigurationList section */
		A7A7F3FE254DF0D900D2CCCE /* Build configuration list for PBXProject "ProductsEditor" */ = {
			isa = XCConfigurationList;
			buildConfigurations = (
				A7A7F42B254DF0DB00D2CCCE /* Debug */,
				A7A7F42C254DF0DB00D2CCCE /* Release */,
			);
			defaultConfigurationIsVisible = 0;
			defaultConfigurationName = Release;
		};
		A7A7F42D254DF0DB00D2CCCE /* Build configuration list for PBXNativeTarget "ProductsEditor" */ = {
			isa = XCConfigurationList;
			buildConfigurations = (
				A7A7F42E254DF0DB00D2CCCE /* Debug */,
				A7A7F42F254DF0DB00D2CCCE /* Release */,
			);
			defaultConfigurationIsVisible = 0;
			defaultConfigurationName = Release;
		};
		A7A7F430254DF0DB00D2CCCE /* Build configuration list for PBXNativeTarget "ProductsEditorTests" */ = {
			isa = XCConfigurationList;
			buildConfigurations = (
				A7A7F431254DF0DB00D2CCCE /* Debug */,
				A7A7F432254DF0DB00D2CCCE /* Release */,
			);
			defaultConfigurationIsVisible = 0;
			defaultConfigurationName = Release;
		};
		A7A7F433254DF0DB00D2CCCE /* Build configuration list for PBXNativeTarget "ProductsEditorUITests" */ = {
			isa = XCConfigurationList;
			buildConfigurations = (
				A7A7F434254DF0DB00D2CCCE /* Debug */,
				A7A7F435254DF0DB00D2CCCE /* Release */,
			);
			defaultConfigurationIsVisible = 0;
			defaultConfigurationName = Release;
		};
/* End XCConfigurationList section */
	};
	rootObject = A7A7F3FB254DF0D900D2CCCE /* Project object */;
}
