// !$*UTF8*$!
{
	archiveVersion = 1;
	classes = {
	};
	objectVersion = 51;
	objects = {

/* Begin PBXBuildFile section */
		A70B49F6254F258C00648B7E /* UIView+customInspectableProperties.swift in Sources */ = {isa = PBXBuildFile; fileRef = A70B49F5254F258C00648B7E /* UIView+customInspectableProperties.swift */; };
		A70B49FB254F322200648B7E /* ProductUpdateRequest.swift in Sources */ = {isa = PBXBuildFile; fileRef = A70B49FA254F322200648B7E /* ProductUpdateRequest.swift */; };
		A70B4A00254F38B400648B7E /* ProductResponse.swift in Sources */ = {isa = PBXBuildFile; fileRef = A70B49FF254F38B400648B7E /* ProductResponse.swift */; };
		A71A226A254E1C1400868916 /* ProductCellViewState.swift in Sources */ = {isa = PBXBuildFile; fileRef = A71A2269254E1C1400868916 /* ProductCellViewState.swift */; };
		A71A2273254E204200868916 /* APIRouter.swift in Sources */ = {isa = PBXBuildFile; fileRef = A71A2272254E204200868916 /* APIRouter.swift */; };
		A71A227C254E21AC00868916 /* ProductListOffsetRequest.swift in Sources */ = {isa = PBXBuildFile; fileRef = A71A227B254E21AC00868916 /* ProductListOffsetRequest.swift */; };
		A71A2281254E250800868916 /* JSONDecoder+decodeResponse.swift in Sources */ = {isa = PBXBuildFile; fileRef = A71A2280254E250800868916 /* JSONDecoder+decodeResponse.swift */; };
		A71A2286254E252400868916 /* APIClient.swift in Sources */ = {isa = PBXBuildFile; fileRef = A71A2285254E252400868916 /* APIClient.swift */; };
		A71A228C254E267900868916 /* ProductsListResponse.swift in Sources */ = {isa = PBXBuildFile; fileRef = A71A228B254E267900868916 /* ProductsListResponse.swift */; };
		A71A2295254E2FB000868916 /* Product.swift in Sources */ = {isa = PBXBuildFile; fileRef = A71A2294254E2FB000868916 /* Product.swift */; };
		A71A229A254E359B00868916 /* LoaderDisplayer.swift in Sources */ = {isa = PBXBuildFile; fileRef = A71A2299254E359B00868916 /* LoaderDisplayer.swift */; };
		A71A229F254E3C0400868916 /* ProductDetailViewController.swift in Sources */ = {isa = PBXBuildFile; fileRef = A71A229E254E3C0400868916 /* ProductDetailViewController.swift */; };
		A71A22A5254E424A00868916 /* ProductImagesFlowLayout.swift in Sources */ = {isa = PBXBuildFile; fileRef = A71A22A4254E424A00868916 /* ProductImagesFlowLayout.swift */; };
		A71A22AD254E42B400868916 /* ProductImageCell.swift in Sources */ = {isa = PBXBuildFile; fileRef = A71A22AC254E42B400868916 /* ProductImageCell.swift */; };
		A71A22B2254E42D200868916 /* UICollectionView+dequeueReusableCell.swift in Sources */ = {isa = PBXBuildFile; fileRef = A71A22B1254E42D200868916 /* UICollectionView+dequeueReusableCell.swift */; };
		A71A22B7254E468400868916 /* ProductImagesCollectionViewManager.swift in Sources */ = {isa = PBXBuildFile; fileRef = A71A22B6254E468400868916 /* ProductImagesCollectionViewManager.swift */; };
		A71A22BC254E486200868916 /* ProductDetailPresenter.swift in Sources */ = {isa = PBXBuildFile; fileRef = A71A22BB254E486200868916 /* ProductDetailPresenter.swift */; };
		A71A22C1254E48ED00868916 /* ProductDetailInteractor.swift in Sources */ = {isa = PBXBuildFile; fileRef = A71A22C0254E48ED00868916 /* ProductDetailInteractor.swift */; };
		A71A22C6254E4B4500868916 /* ProductDetailViewState.swift in Sources */ = {isa = PBXBuildFile; fileRef = A71A22C5254E4B4500868916 /* ProductDetailViewState.swift */; };
		A71D09A1254F530500EB4072 /* KeyboardDismisser.swift in Sources */ = {isa = PBXBuildFile; fileRef = A71D09A0254F530500EB4072 /* KeyboardDismisser.swift */; };
		A71D09A6254F5F3800EB4072 /* AlertDisplayer.swift in Sources */ = {isa = PBXBuildFile; fileRef = A71D09A5254F5F3800EB4072 /* AlertDisplayer.swift */; };
		A71D09AB254F6E1100EB4072 /* TextAlertDisplayer.swift in Sources */ = {isa = PBXBuildFile; fileRef = A71D09AA254F6E1100EB4072 /* TextAlertDisplayer.swift */; };
		A71D09B0254F7C1700EB4072 /* String+isValidUrl.swift in Sources */ = {isa = PBXBuildFile; fileRef = A71D09AF254F7C1700EB4072 /* String+isValidUrl.swift */; };
		A71D09BB254F8CBC00EB4072 /* ProductDeleteRequest.swift in Sources */ = {isa = PBXBuildFile; fileRef = A71D09BA254F8CBC00EB4072 /* ProductDeleteRequest.swift */; };
		A71D09C6254F9CD400EB4072 /* ProductCreateRequest.swift in Sources */ = {isa = PBXBuildFile; fileRef = A71D09C5254F9CD400EB4072 /* ProductCreateRequest.swift */; };
		A737EBC2254DF80900561D1B /* MainCoordinator.swift in Sources */ = {isa = PBXBuildFile; fileRef = A737EBC1254DF80900561D1B /* MainCoordinator.swift */; };
		A737EBC8254DF82200561D1B /* Coordinator.swift in Sources */ = {isa = PBXBuildFile; fileRef = A737EBC7254DF82200561D1B /* Coordinator.swift */; };
		A737EBD0254DFED900561D1B /* Storyboarded.swift in Sources */ = {isa = PBXBuildFile; fileRef = A737EBCF254DFED900561D1B /* Storyboarded.swift */; };
		A737EBD9254E0B5D00561D1B /* ReusableView.swift in Sources */ = {isa = PBXBuildFile; fileRef = A737EBD8254E0B5D00561D1B /* ReusableView.swift */; };
		A737EBE2254E0BAA00561D1B /* UITableView+dequeueReusableCell.swift in Sources */ = {isa = PBXBuildFile; fileRef = A737EBE1254E0BAA00561D1B /* UITableView+dequeueReusableCell.swift */; };
		A737EBEB254E0D4700561D1B /* ProductsListPresenter.swift in Sources */ = {isa = PBXBuildFile; fileRef = A737EBEA254E0D4700561D1B /* ProductsListPresenter.swift */; };
		A737EBF1254E118000561D1B /* ProductsListInteractor.swift in Sources */ = {isa = PBXBuildFile; fileRef = A737EBF0254E118000561D1B /* ProductsListInteractor.swift */; };
		A737EBFA254E18C400561D1B /* ProductCell.swift in Sources */ = {isa = PBXBuildFile; fileRef = A737EBF9254E18C400561D1B /* ProductCell.swift */; };
		A737EC00254E195000561D1B /* ProductsListTableViewManager.swift in Sources */ = {isa = PBXBuildFile; fileRef = A737EBFF254E195000561D1B /* ProductsListTableViewManager.swift */; };
		A7A7F407254DF0D900D2CCCE /* AppDelegate.swift in Sources */ = {isa = PBXBuildFile; fileRef = A7A7F406254DF0D900D2CCCE /* AppDelegate.swift */; };
		A7A7F409254DF0D900D2CCCE /* SceneDelegate.swift in Sources */ = {isa = PBXBuildFile; fileRef = A7A7F408254DF0D900D2CCCE /* SceneDelegate.swift */; };
		A7A7F40B254DF0D900D2CCCE /* ProductsListViewController.swift in Sources */ = {isa = PBXBuildFile; fileRef = A7A7F40A254DF0D900D2CCCE /* ProductsListViewController.swift */; };
		A7A7F40E254DF0D900D2CCCE /* Main.storyboard in Resources */ = {isa = PBXBuildFile; fileRef = A7A7F40C254DF0D900D2CCCE /* Main.storyboard */; };
		A7A7F410254DF0DA00D2CCCE /* Assets.xcassets in Resources */ = {isa = PBXBuildFile; fileRef = A7A7F40F254DF0DA00D2CCCE /* Assets.xcassets */; };
		A7A7F413254DF0DA00D2CCCE /* LaunchScreen.storyboard in Resources */ = {isa = PBXBuildFile; fileRef = A7A7F411254DF0DA00D2CCCE /* LaunchScreen.storyboard */; };
		A7A7F41E254DF0DA00D2CCCE /* ProductsEditorTests.swift in Sources */ = {isa = PBXBuildFile; fileRef = A7A7F41D254DF0DA00D2CCCE /* ProductsEditorTests.swift */; };
		A7A7F429254DF0DB00D2CCCE /* ProductsEditorUITests.swift in Sources */ = {isa = PBXBuildFile; fileRef = A7A7F428254DF0DB00D2CCCE /* ProductsEditorUITests.swift */; };
		D8CA847D57A3ABB5F0F742FF /* Pods_ProductsEditor.framework in Frameworks */ = {isa = PBXBuildFile; fileRef = 5245FA03BC9C17645614867D /* Pods_ProductsEditor.framework */; };
/* End PBXBuildFile section */

/* Begin PBXContainerItemProxy section */
		A7A7F41A254DF0DA00D2CCCE /* PBXContainerItemProxy */ = {
			isa = PBXContainerItemProxy;
			containerPortal = A7A7F3FB254DF0D900D2CCCE /* Project object */;
			proxyType = 1;
			remoteGlobalIDString = A7A7F402254DF0D900D2CCCE;
			remoteInfo = ProductsEditor;
		};
		A7A7F425254DF0DB00D2CCCE /* PBXContainerItemProxy */ = {
			isa = PBXContainerItemProxy;
			containerPortal = A7A7F3FB254DF0D900D2CCCE /* Project object */;
			proxyType = 1;
			remoteGlobalIDString = A7A7F402254DF0D900D2CCCE;
			remoteInfo = ProductsEditor;
		};
/* End PBXContainerItemProxy section */

/* Begin PBXFileReference section */
		5245FA03BC9C17645614867D /* Pods_ProductsEditor.framework */ = {isa = PBXFileReference; explicitFileType = wrapper.framework; includeInIndex = 0; path = Pods_ProductsEditor.framework; sourceTree = BUILT_PRODUCTS_DIR; };
		981DCE265D70C28D90DF6C82 /* Pods-ProductsEditor.debug.xcconfig */ = {isa = PBXFileReference; includeInIndex = 1; lastKnownFileType = text.xcconfig; name = "Pods-ProductsEditor.debug.xcconfig"; path = "Target Support Files/Pods-ProductsEditor/Pods-ProductsEditor.debug.xcconfig"; sourceTree = "<group>"; };
		99AAD3D0FD975156208B9468 /* Pods-ProductsEditor.release.xcconfig */ = {isa = PBXFileReference; includeInIndex = 1; lastKnownFileType = text.xcconfig; name = "Pods-ProductsEditor.release.xcconfig"; path = "Target Support Files/Pods-ProductsEditor/Pods-ProductsEditor.release.xcconfig"; sourceTree = "<group>"; };
		A70B49F5254F258C00648B7E /* UIView+customInspectableProperties.swift */ = {isa = PBXFileReference; lastKnownFileType = sourcecode.swift; path = "UIView+customInspectableProperties.swift"; sourceTree = "<group>"; };
		A70B49FA254F322200648B7E /* ProductUpdateRequest.swift */ = {isa = PBXFileReference; lastKnownFileType = sourcecode.swift; path = ProductUpdateRequest.swift; sourceTree = "<group>"; };
		A70B49FF254F38B400648B7E /* ProductResponse.swift */ = {isa = PBXFileReference; lastKnownFileType = sourcecode.swift; path = ProductResponse.swift; sourceTree = "<group>"; };
		A71A2269254E1C1400868916 /* ProductCellViewState.swift */ = {isa = PBXFileReference; lastKnownFileType = sourcecode.swift; path = ProductCellViewState.swift; sourceTree = "<group>"; };
		A71A2272254E204200868916 /* APIRouter.swift */ = {isa = PBXFileReference; lastKnownFileType = sourcecode.swift; path = APIRouter.swift; sourceTree = "<group>"; };
		A71A227B254E21AC00868916 /* ProductListOffsetRequest.swift */ = {isa = PBXFileReference; lastKnownFileType = sourcecode.swift; path = ProductListOffsetRequest.swift; sourceTree = "<group>"; };
		A71A2280254E250800868916 /* JSONDecoder+decodeResponse.swift */ = {isa = PBXFileReference; lastKnownFileType = sourcecode.swift; path = "JSONDecoder+decodeResponse.swift"; sourceTree = "<group>"; };
		A71A2285254E252400868916 /* APIClient.swift */ = {isa = PBXFileReference; lastKnownFileType = sourcecode.swift; path = APIClient.swift; sourceTree = "<group>"; };
		A71A228B254E267900868916 /* ProductsListResponse.swift */ = {isa = PBXFileReference; lastKnownFileType = sourcecode.swift; path = ProductsListResponse.swift; sourceTree = "<group>"; };
		A71A2294254E2FB000868916 /* Product.swift */ = {isa = PBXFileReference; lastKnownFileType = sourcecode.swift; path = Product.swift; sourceTree = "<group>"; };
		A71A2299254E359B00868916 /* LoaderDisplayer.swift */ = {isa = PBXFileReference; lastKnownFileType = sourcecode.swift; path = LoaderDisplayer.swift; sourceTree = "<group>"; };
		A71A229E254E3C0400868916 /* ProductDetailViewController.swift */ = {isa = PBXFileReference; lastKnownFileType = sourcecode.swift; path = ProductDetailViewController.swift; sourceTree = "<group>"; };
		A71A22A4254E424A00868916 /* ProductImagesFlowLayout.swift */ = {isa = PBXFileReference; lastKnownFileType = sourcecode.swift; path = ProductImagesFlowLayout.swift; sourceTree = "<group>"; };
		A71A22AC254E42B400868916 /* ProductImageCell.swift */ = {isa = PBXFileReference; lastKnownFileType = sourcecode.swift; path = ProductImageCell.swift; sourceTree = "<group>"; };
		A71A22B1254E42D200868916 /* UICollectionView+dequeueReusableCell.swift */ = {isa = PBXFileReference; lastKnownFileType = sourcecode.swift; path = "UICollectionView+dequeueReusableCell.swift"; sourceTree = "<group>"; };
		A71A22B6254E468400868916 /* ProductImagesCollectionViewManager.swift */ = {isa = PBXFileReference; lastKnownFileType = sourcecode.swift; path = ProductImagesCollectionViewManager.swift; sourceTree = "<group>"; };
		A71A22BB254E486200868916 /* ProductDetailPresenter.swift */ = {isa = PBXFileReference; lastKnownFileType = sourcecode.swift; path = ProductDetailPresenter.swift; sourceTree = "<group>"; };
		A71A22C0254E48ED00868916 /* ProductDetailInteractor.swift */ = {isa = PBXFileReference; lastKnownFileType = sourcecode.swift; path = ProductDetailInteractor.swift; sourceTree = "<group>"; };
		A71A22C5254E4B4500868916 /* ProductDetailViewState.swift */ = {isa = PBXFileReference; lastKnownFileType = sourcecode.swift; path = ProductDetailViewState.swift; sourceTree = "<group>"; };
		A71D09A0254F530500EB4072 /* KeyboardDismisser.swift */ = {isa = PBXFileReference; lastKnownFileType = sourcecode.swift; path = KeyboardDismisser.swift; sourceTree = "<group>"; };
		A71D09A5254F5F3800EB4072 /* AlertDisplayer.swift */ = {isa = PBXFileReference; lastKnownFileType = sourcecode.swift; path = AlertDisplayer.swift; sourceTree = "<group>"; };
		A71D09AA254F6E1100EB4072 /* TextAlertDisplayer.swift */ = {isa = PBXFileReference; lastKnownFileType = sourcecode.swift; path = TextAlertDisplayer.swift; sourceTree = "<group>"; };
		A71D09AF254F7C1700EB4072 /* String+isValidUrl.swift */ = {isa = PBXFileReference; lastKnownFileType = sourcecode.swift; path = "String+isValidUrl.swift"; sourceTree = "<group>"; };
		A71D09BA254F8CBC00EB4072 /* ProductDeleteRequest.swift */ = {isa = PBXFileReference; lastKnownFileType = sourcecode.swift; path = ProductDeleteRequest.swift; sourceTree = "<group>"; };
		A71D09C5254F9CD400EB4072 /* ProductCreateRequest.swift */ = {isa = PBXFileReference; lastKnownFileType = sourcecode.swift; path = ProductCreateRequest.swift; sourceTree = "<group>"; };
		A737EBC1254DF80900561D1B /* MainCoordinator.swift */ = {isa = PBXFileReference; lastKnownFileType = sourcecode.swift; path = MainCoordinator.swift; sourceTree = "<group>"; };
		A737EBC7254DF82200561D1B /* Coordinator.swift */ = {isa = PBXFileReference; lastKnownFileType = sourcecode.swift; path = Coordinator.swift; sourceTree = "<group>"; };
		A737EBCF254DFED900561D1B /* Storyboarded.swift */ = {isa = PBXFileReference; lastKnownFileType = sourcecode.swift; path = Storyboarded.swift; sourceTree = "<group>"; };
		A737EBD8254E0B5D00561D1B /* ReusableView.swift */ = {isa = PBXFileReference; lastKnownFileType = sourcecode.swift; path = ReusableView.swift; sourceTree = "<group>"; };
		A737EBE1254E0BAA00561D1B /* UITableView+dequeueReusableCell.swift */ = {isa = PBXFileReference; lastKnownFileType = sourcecode.swift; path = "UITableView+dequeueReusableCell.swift"; sourceTree = "<group>"; };
		A737EBEA254E0D4700561D1B /* ProductsListPresenter.swift */ = {isa = PBXFileReference; lastKnownFileType = sourcecode.swift; path = ProductsListPresenter.swift; sourceTree = "<group>"; };
		A737EBF0254E118000561D1B /* ProductsListInteractor.swift */ = {isa = PBXFileReference; lastKnownFileType = sourcecode.swift; path = ProductsListInteractor.swift; sourceTree = "<group>"; };
		A737EBF9254E18C400561D1B /* ProductCell.swift */ = {isa = PBXFileReference; lastKnownFileType = sourcecode.swift; path = ProductCell.swift; sourceTree = "<group>"; };
		A737EBFF254E195000561D1B /* ProductsListTableViewManager.swift */ = {isa = PBXFileReference; lastKnownFileType = sourcecode.swift; path = ProductsListTableViewManager.swift; sourceTree = "<group>"; };
		A7A7F403254DF0D900D2CCCE /* ProductsEditor.app */ = {isa = PBXFileReference; explicitFileType = wrapper.application; includeInIndex = 0; path = ProductsEditor.app; sourceTree = BUILT_PRODUCTS_DIR; };
		A7A7F406254DF0D900D2CCCE /* AppDelegate.swift */ = {isa = PBXFileReference; lastKnownFileType = sourcecode.swift; path = AppDelegate.swift; sourceTree = "<group>"; };
		A7A7F408254DF0D900D2CCCE /* SceneDelegate.swift */ = {isa = PBXFileReference; lastKnownFileType = sourcecode.swift; path = SceneDelegate.swift; sourceTree = "<group>"; };
		A7A7F40A254DF0D900D2CCCE /* ProductsListViewController.swift */ = {isa = PBXFileReference; lastKnownFileType = sourcecode.swift; path = ProductsListViewController.swift; sourceTree = "<group>"; };
		A7A7F40D254DF0D900D2CCCE /* Base */ = {isa = PBXFileReference; lastKnownFileType = file.storyboard; name = Base; path = Base.lproj/Main.storyboard; sourceTree = "<group>"; };
		A7A7F40F254DF0DA00D2CCCE /* Assets.xcassets */ = {isa = PBXFileReference; lastKnownFileType = folder.assetcatalog; path = Assets.xcassets; sourceTree = "<group>"; };
		A7A7F412254DF0DA00D2CCCE /* Base */ = {isa = PBXFileReference; lastKnownFileType = file.storyboard; name = Base; path = Base.lproj/LaunchScreen.storyboard; sourceTree = "<group>"; };
		A7A7F414254DF0DA00D2CCCE /* Info.plist */ = {isa = PBXFileReference; lastKnownFileType = text.plist.xml; path = Info.plist; sourceTree = "<group>"; };
		A7A7F419254DF0DA00D2CCCE /* ProductsEditorTests.xctest */ = {isa = PBXFileReference; explicitFileType = wrapper.cfbundle; includeInIndex = 0; path = ProductsEditorTests.xctest; sourceTree = BUILT_PRODUCTS_DIR; };
		A7A7F41D254DF0DA00D2CCCE /* ProductsEditorTests.swift */ = {isa = PBXFileReference; lastKnownFileType = sourcecode.swift; path = ProductsEditorTests.swift; sourceTree = "<group>"; };
		A7A7F41F254DF0DA00D2CCCE /* Info.plist */ = {isa = PBXFileReference; lastKnownFileType = text.plist.xml; path = Info.plist; sourceTree = "<group>"; };
		A7A7F424254DF0DB00D2CCCE /* ProductsEditorUITests.xctest */ = {isa = PBXFileReference; explicitFileType = wrapper.cfbundle; includeInIndex = 0; path = ProductsEditorUITests.xctest; sourceTree = BUILT_PRODUCTS_DIR; };
		A7A7F428254DF0DB00D2CCCE /* ProductsEditorUITests.swift */ = {isa = PBXFileReference; lastKnownFileType = sourcecode.swift; path = ProductsEditorUITests.swift; sourceTree = "<group>"; };
		A7A7F42A254DF0DB00D2CCCE /* Info.plist */ = {isa = PBXFileReference; lastKnownFileType = text.plist.xml; path = Info.plist; sourceTree = "<group>"; };
/* End PBXFileReference section */

/* Begin PBXFrameworksBuildPhase section */
		A7A7F400254DF0D900D2CCCE /* Frameworks */ = {
			isa = PBXFrameworksBuildPhase;
			buildActionMask = 2147483647;
			files = (
				D8CA847D57A3ABB5F0F742FF /* Pods_ProductsEditor.framework in Frameworks */,
			);
			runOnlyForDeploymentPostprocessing = 0;
		};
		A7A7F416254DF0DA00D2CCCE /* Frameworks */ = {
			isa = PBXFrameworksBuildPhase;
			buildActionMask = 2147483647;
			files = (
			);
			runOnlyForDeploymentPostprocessing = 0;
		};
		A7A7F421254DF0DB00D2CCCE /* Frameworks */ = {
			isa = PBXFrameworksBuildPhase;
			buildActionMask = 2147483647;
			files = (
			);
			runOnlyForDeploymentPostprocessing = 0;
		};
/* End PBXFrameworksBuildPhase section */

/* Begin PBXGroup section */
		859A94C75743B9BA62E3DF23 /* Frameworks */ = {
			isa = PBXGroup;
			children = (
				5245FA03BC9C17645614867D /* Pods_ProductsEditor.framework */,
			);
			name = Frameworks;
			sourceTree = "<group>";
		};
		A71A2268254E1BD900868916 /* ViewStates */ = {
			isa = PBXGroup;
			children = (
				A71A2269254E1C1400868916 /* ProductCellViewState.swift */,
				A71A22C5254E4B4500868916 /* ProductDetailViewState.swift */,
			);
			path = ViewStates;
			sourceTree = "<group>";
		};
		A71A2271254E202C00868916 /* Services */ = {
			isa = PBXGroup;
			children = (
				A71A228A254E25CE00868916 /* Responses */,
				A71A227A254E218900868916 /* Requests */,
				A71A2272254E204200868916 /* APIRouter.swift */,
				A71A2285254E252400868916 /* APIClient.swift */,
			);
			path = Services;
			sourceTree = "<group>";
		};
		A71A227A254E218900868916 /* Requests */ = {
			isa = PBXGroup;
			children = (
				A71A227B254E21AC00868916 /* ProductListOffsetRequest.swift */,
				A70B49FA254F322200648B7E /* ProductUpdateRequest.swift */,
				A71D09BA254F8CBC00EB4072 /* ProductDeleteRequest.swift */,
				A71D09C5254F9CD400EB4072 /* ProductCreateRequest.swift */,
			);
			path = Requests;
			sourceTree = "<group>";
		};
		A71A228A254E25CE00868916 /* Responses */ = {
			isa = PBXGroup;
			children = (
				A71A228B254E267900868916 /* ProductsListResponse.swift */,
				A70B49FF254F38B400648B7E /* ProductResponse.swift */,
			);
			path = Responses;
			sourceTree = "<group>";
		};
		A71A2293254E2FA400868916 /* Models */ = {
			isa = PBXGroup;
			children = (
				A71A2294254E2FB000868916 /* Product.swift */,
			);
			path = Models;
			sourceTree = "<group>";
		};
		A71A22A3254E423200868916 /* Layouts */ = {
			isa = PBXGroup;
			children = (
				A71A22A4254E424A00868916 /* ProductImagesFlowLayout.swift */,
			);
			path = Layouts;
			sourceTree = "<group>";
		};
		A737EBC6254DF81500561D1B /* Protocols */ = {
			isa = PBXGroup;
			children = (
				A737EBC7254DF82200561D1B /* Coordinator.swift */,
				A737EBCF254DFED900561D1B /* Storyboarded.swift */,
				A737EBD8254E0B5D00561D1B /* ReusableView.swift */,
				A71A2299254E359B00868916 /* LoaderDisplayer.swift */,
				A71D09A0254F530500EB4072 /* KeyboardDismisser.swift */,
				A71D09A5254F5F3800EB4072 /* AlertDisplayer.swift */,
				A71D09AA254F6E1100EB4072 /* TextAlertDisplayer.swift */,
			);
			path = Protocols;
			sourceTree = "<group>";
		};
		A737EBD7254E0AE900561D1B /* Views */ = {
			isa = PBXGroup;
			children = (
				A71A22A3254E423200868916 /* Layouts */,
				A737EBFE254E192100561D1B /* Managers */,
				A737EBF5254E11BD00561D1B /* Cells */,
				A7A7F40A254DF0D900D2CCCE /* ProductsListViewController.swift */,
				A71A229E254E3C0400868916 /* ProductDetailViewController.swift */,
			);
			path = Views;
			sourceTree = "<group>";
		};
		A737EBE0254E0B7100561D1B /* Extensions */ = {
			isa = PBXGroup;
			children = (
				A737EBE1254E0BAA00561D1B /* UITableView+dequeueReusableCell.swift */,
				A71A2280254E250800868916 /* JSONDecoder+decodeResponse.swift */,
				A71A22B1254E42D200868916 /* UICollectionView+dequeueReusableCell.swift */,
				A70B49F5254F258C00648B7E /* UIView+customInspectableProperties.swift */,
				A71D09AF254F7C1700EB4072 /* String+isValidUrl.swift */,
			);
			path = Extensions;
			sourceTree = "<group>";
		};
		A737EBE9254E0C8C00561D1B /* Presenters */ = {
			isa = PBXGroup;
			children = (
				A737EBEA254E0D4700561D1B /* ProductsListPresenter.swift */,
				A71A22BB254E486200868916 /* ProductDetailPresenter.swift */,
			);
			path = Presenters;
			sourceTree = "<group>";
		};
		A737EBEF254E116300561D1B /* Interactors */ = {
			isa = PBXGroup;
			children = (
				A737EBF0254E118000561D1B /* ProductsListInteractor.swift */,
				A71A22C0254E48ED00868916 /* ProductDetailInteractor.swift */,
			);
			path = Interactors;
			sourceTree = "<group>";
		};
		A737EBF5254E11BD00561D1B /* Cells */ = {
			isa = PBXGroup;
			children = (
				A737EBF9254E18C400561D1B /* ProductCell.swift */,
				A71A22AC254E42B400868916 /* ProductImageCell.swift */,
			);
			path = Cells;
			sourceTree = "<group>";
		};
		A737EBFE254E192100561D1B /* Managers */ = {
			isa = PBXGroup;
			children = (
				A737EBFF254E195000561D1B /* ProductsListTableViewManager.swift */,
				A71A22B6254E468400868916 /* ProductImagesCollectionViewManager.swift */,
			);
			path = Managers;
			sourceTree = "<group>";
		};
		A7A7F3FA254DF0D900D2CCCE = {
			isa = PBXGroup;
			children = (
				A7A7F405254DF0D900D2CCCE /* ProductsEditor */,
				A7A7F41C254DF0DA00D2CCCE /* ProductsEditorTests */,
				A7A7F427254DF0DB00D2CCCE /* ProductsEditorUITests */,
				A7A7F404254DF0D900D2CCCE /* Products */,
				C20ECE3F1374C14408DD4CAC /* Pods */,
				859A94C75743B9BA62E3DF23 /* Frameworks */,
			);
			sourceTree = "<group>";
		};
		A7A7F404254DF0D900D2CCCE /* Products */ = {
			isa = PBXGroup;
			children = (
				A7A7F403254DF0D900D2CCCE /* ProductsEditor.app */,
				A7A7F419254DF0DA00D2CCCE /* ProductsEditorTests.xctest */,
				A7A7F424254DF0DB00D2CCCE /* ProductsEditorUITests.xctest */,
			);
			name = Products;
			sourceTree = "<group>";
		};
		A7A7F405254DF0D900D2CCCE /* ProductsEditor */ = {
			isa = PBXGroup;
			children = (
				A71A2293254E2FA400868916 /* Models */,
				A71A2271254E202C00868916 /* Services */,
				A71A2268254E1BD900868916 /* ViewStates */,
				A737EBEF254E116300561D1B /* Interactors */,
				A737EBE9254E0C8C00561D1B /* Presenters */,
				A737EBE0254E0B7100561D1B /* Extensions */,
				A737EBD7254E0AE900561D1B /* Views */,
				A737EBC6254DF81500561D1B /* Protocols */,
				A7A7F406254DF0D900D2CCCE /* AppDelegate.swift */,
				A7A7F408254DF0D900D2CCCE /* SceneDelegate.swift */,
				A7A7F40C254DF0D900D2CCCE /* Main.storyboard */,
				A7A7F40F254DF0DA00D2CCCE /* Assets.xcassets */,
				A7A7F411254DF0DA00D2CCCE /* LaunchScreen.storyboard */,
				A7A7F414254DF0DA00D2CCCE /* Info.plist */,
				A737EBC1254DF80900561D1B /* MainCoordinator.swift */,
			);
			path = ProductsEditor;
			sourceTree = "<group>";
		};
		A7A7F41C254DF0DA00D2CCCE /* ProductsEditorTests */ = {
			isa = PBXGroup;
			children = (
				A7A7F41D254DF0DA00D2CCCE /* ProductsEditorTests.swift */,
				A7A7F41F254DF0DA00D2CCCE /* Info.plist */,
			);
			path = ProductsEditorTests;
			sourceTree = "<group>";
		};
		A7A7F427254DF0DB00D2CCCE /* ProductsEditorUITests */ = {
			isa = PBXGroup;
			children = (
				A7A7F428254DF0DB00D2CCCE /* ProductsEditorUITests.swift */,
				A7A7F42A254DF0DB00D2CCCE /* Info.plist */,
			);
			path = ProductsEditorUITests;
			sourceTree = "<group>";
		};
		C20ECE3F1374C14408DD4CAC /* Pods */ = {
			isa = PBXGroup;
			children = (
				981DCE265D70C28D90DF6C82 /* Pods-ProductsEditor.debug.xcconfig */,
				99AAD3D0FD975156208B9468 /* Pods-ProductsEditor.release.xcconfig */,
			);
			path = Pods;
			sourceTree = "<group>";
		};
/* End PBXGroup section */

/* Begin PBXNativeTarget section */
		A7A7F402254DF0D900D2CCCE /* ProductsEditor */ = {
			isa = PBXNativeTarget;
			buildConfigurationList = A7A7F42D254DF0DB00D2CCCE /* Build configuration list for PBXNativeTarget "ProductsEditor" */;
			buildPhases = (
				56F6677566D0921602E510D4 /* [CP] Check Pods Manifest.lock */,
				A7A7F3FF254DF0D900D2CCCE /* Sources */,
				A7A7F400254DF0D900D2CCCE /* Frameworks */,
				A7A7F401254DF0D900D2CCCE /* Resources */,
				E6D721BB57679A71FB64CA53 /* [CP] Embed Pods Frameworks */,
			);
			buildRules = (
			);
			dependencies = (
			);
			name = ProductsEditor;
			productName = ProductsEditor;
			productReference = A7A7F403254DF0D900D2CCCE /* ProductsEditor.app */;
			productType = "com.apple.product-type.application";
		};
		A7A7F418254DF0DA00D2CCCE /* ProductsEditorTests */ = {
			isa = PBXNativeTarget;
			buildConfigurationList = A7A7F430254DF0DB00D2CCCE /* Build configuration list for PBXNativeTarget "ProductsEditorTests" */;
			buildPhases = (
				A7A7F415254DF0DA00D2CCCE /* Sources */,
				A7A7F416254DF0DA00D2CCCE /* Frameworks */,
				A7A7F417254DF0DA00D2CCCE /* Resources */,
			);
			buildRules = (
			);
			dependencies = (
				A7A7F41B254DF0DA00D2CCCE /* PBXTargetDependency */,
			);
			name = ProductsEditorTests;
			productName = ProductsEditorTests;
			productReference = A7A7F419254DF0DA00D2CCCE /* ProductsEditorTests.xctest */;
			productType = "com.apple.product-type.bundle.unit-test";
		};
		A7A7F423254DF0DB00D2CCCE /* ProductsEditorUITests */ = {
			isa = PBXNativeTarget;
			buildConfigurationList = A7A7F433254DF0DB00D2CCCE /* Build configuration list for PBXNativeTarget "ProductsEditorUITests" */;
			buildPhases = (
				A7A7F420254DF0DB00D2CCCE /* Sources */,
				A7A7F421254DF0DB00D2CCCE /* Frameworks */,
				A7A7F422254DF0DB00D2CCCE /* Resources */,
			);
			buildRules = (
			);
			dependencies = (
				A7A7F426254DF0DB00D2CCCE /* PBXTargetDependency */,
			);
			name = ProductsEditorUITests;
			productName = ProductsEditorUITests;
			productReference = A7A7F424254DF0DB00D2CCCE /* ProductsEditorUITests.xctest */;
			productType = "com.apple.product-type.bundle.ui-testing";
		};
/* End PBXNativeTarget section */

/* Begin PBXProject section */
		A7A7F3FB254DF0D900D2CCCE /* Project object */ = {
			isa = PBXProject;
			attributes = {
				LastSwiftUpdateCheck = 1200;
				LastUpgradeCheck = 1200;
				TargetAttributes = {
					A7A7F402254DF0D900D2CCCE = {
						CreatedOnToolsVersion = 12.0.1;
					};
					A7A7F418254DF0DA00D2CCCE = {
						CreatedOnToolsVersion = 12.0.1;
						TestTargetID = A7A7F402254DF0D900D2CCCE;
					};
					A7A7F423254DF0DB00D2CCCE = {
						CreatedOnToolsVersion = 12.0.1;
						TestTargetID = A7A7F402254DF0D900D2CCCE;
					};
				};
			};
			buildConfigurationList = A7A7F3FE254DF0D900D2CCCE /* Build configuration list for PBXProject "ProductsEditor" */;
			compatibilityVersion = "Xcode 9.3";
			developmentRegion = en;
			hasScannedForEncodings = 0;
			knownRegions = (
				en,
				Base,
			);
			mainGroup = A7A7F3FA254DF0D900D2CCCE;
			productRefGroup = A7A7F404254DF0D900D2CCCE /* Products */;
			projectDirPath = "";
			projectRoot = "";
			targets = (
				A7A7F402254DF0D900D2CCCE /* ProductsEditor */,
				A7A7F418254DF0DA00D2CCCE /* ProductsEditorTests */,
				A7A7F423254DF0DB00D2CCCE /* ProductsEditorUITests */,
			);
		};
/* End PBXProject section */

/* Begin PBXResourcesBuildPhase section */
		A7A7F401254DF0D900D2CCCE /* Resources */ = {
			isa = PBXResourcesBuildPhase;
			buildActionMask = 2147483647;
			files = (
				A7A7F413254DF0DA00D2CCCE /* LaunchScreen.storyboard in Resources */,
				A7A7F410254DF0DA00D2CCCE /* Assets.xcassets in Resources */,
				A7A7F40E254DF0D900D2CCCE /* Main.storyboard in Resources */,
			);
			runOnlyForDeploymentPostprocessing = 0;
		};
		A7A7F417254DF0DA00D2CCCE /* Resources */ = {
			isa = PBXResourcesBuildPhase;
			buildActionMask = 2147483647;
			files = (
			);
			runOnlyForDeploymentPostprocessing = 0;
		};
		A7A7F422254DF0DB00D2CCCE /* Resources */ = {
			isa = PBXResourcesBuildPhase;
			buildActionMask = 2147483647;
			files = (
			);
			runOnlyForDeploymentPostprocessing = 0;
		};
/* End PBXResourcesBuildPhase section */

/* Begin PBXShellScriptBuildPhase section */
		56F6677566D0921602E510D4 /* [CP] Check Pods Manifest.lock */ = {
			isa = PBXShellScriptBuildPhase;
			buildActionMask = 2147483647;
			files = (
			);
			inputFileListPaths = (
			);
			inputPaths = (
				"${PODS_PODFILE_DIR_PATH}/Podfile.lock",
				"${PODS_ROOT}/Manifest.lock",
			);
			name = "[CP] Check Pods Manifest.lock";
			outputFileListPaths = (
			);
			outputPaths = (
				"$(DERIVED_FILE_DIR)/Pods-ProductsEditor-checkManifestLockResult.txt",
			);
			runOnlyForDeploymentPostprocessing = 0;
			shellPath = /bin/sh;
			shellScript = "diff \"${PODS_PODFILE_DIR_PATH}/Podfile.lock\" \"${PODS_ROOT}/Manifest.lock\" > /dev/null\nif [ $? != 0 ] ; then\n    # print error to STDERR\n    echo \"error: The sandbox is not in sync with the Podfile.lock. Run 'pod install' or update your CocoaPods installation.\" >&2\n    exit 1\nfi\n# This output is used by Xcode 'outputs' to avoid re-running this script phase.\necho \"SUCCESS\" > \"${SCRIPT_OUTPUT_FILE_0}\"\n";
			showEnvVarsInLog = 0;
		};
		E6D721BB57679A71FB64CA53 /* [CP] Embed Pods Frameworks */ = {
			isa = PBXShellScriptBuildPhase;
			buildActionMask = 2147483647;
			files = (
			);
			inputFileListPaths = (
				"${PODS_ROOT}/Target Support Files/Pods-ProductsEditor/Pods-ProductsEditor-frameworks-${CONFIGURATION}-input-files.xcfilelist",
			);
			name = "[CP] Embed Pods Frameworks";
			outputFileListPaths = (
				"${PODS_ROOT}/Target Support Files/Pods-ProductsEditor/Pods-ProductsEditor-frameworks-${CONFIGURATION}-output-files.xcfilelist",
			);
			runOnlyForDeploymentPostprocessing = 0;
			shellPath = /bin/sh;
			shellScript = "\"${PODS_ROOT}/Target Support Files/Pods-ProductsEditor/Pods-ProductsEditor-frameworks.sh\"\n";
			showEnvVarsInLog = 0;
		};
/* End PBXShellScriptBuildPhase section */

/* Begin PBXSourcesBuildPhase section */
		A7A7F3FF254DF0D900D2CCCE /* Sources */ = {
			isa = PBXSourcesBuildPhase;
			buildActionMask = 2147483647;
			files = (
				A71A2295254E2FB000868916 /* Product.swift in Sources */,
				A7A7F40B254DF0D900D2CCCE /* ProductsListViewController.swift in Sources */,
				A71A229F254E3C0400868916 /* ProductDetailViewController.swift in Sources */,
				A71D09A6254F5F3800EB4072 /* AlertDisplayer.swift in Sources */,
				A71A2286254E252400868916 /* APIClient.swift in Sources */,
				A737EBFA254E18C400561D1B /* ProductCell.swift in Sources */,
				A71A22AD254E42B400868916 /* ProductImageCell.swift in Sources */,
				A70B49FB254F322200648B7E /* ProductUpdateRequest.swift in Sources */,
				A71A2281254E250800868916 /* JSONDecoder+decodeResponse.swift in Sources */,
				A71A226A254E1C1400868916 /* ProductCellViewState.swift in Sources */,
				A737EBC2254DF80900561D1B /* MainCoordinator.swift in Sources */,
				A71A22C1254E48ED00868916 /* ProductDetailInteractor.swift in Sources */,
				A737EBC8254DF82200561D1B /* Coordinator.swift in Sources */,
				A737EBEB254E0D4700561D1B /* ProductsListPresenter.swift in Sources */,
				A71D09BB254F8CBC00EB4072 /* ProductDeleteRequest.swift in Sources */,
				A71D09C6254F9CD400EB4072 /* ProductCreateRequest.swift in Sources */,
				A71D09B0254F7C1700EB4072 /* String+isValidUrl.swift in Sources */,
				A7A7F407254DF0D900D2CCCE /* AppDelegate.swift in Sources */,
				A71A22A5254E424A00868916 /* ProductImagesFlowLayout.swift in Sources */,
				A71A2273254E204200868916 /* APIRouter.swift in Sources */,
				A71A22C6254E4B4500868916 /* ProductDetailViewState.swift in Sources */,
				A71A22B2254E42D200868916 /* UICollectionView+dequeueReusableCell.swift in Sources */,
				A7A7F409254DF0D900D2CCCE /* SceneDelegate.swift in Sources */,
				A70B49F6254F258C00648B7E /* UIView+customInspectableProperties.swift in Sources */,
				A71A22B7254E468400868916 /* ProductImagesCollectionViewManager.swift in Sources */,
				A71A229A254E359B00868916 /* LoaderDisplayer.swift in Sources */,
				A71D09A1254F530500EB4072 /* KeyboardDismisser.swift in Sources */,
				A71A227C254E21AC00868916 /* ProductListOffsetRequest.swift in Sources */,
				A70B4A00254F38B400648B7E /* ProductResponse.swift in Sources */,
				A737EBF1254E118000561D1B /* ProductsListInteractor.swift in Sources */,
				A737EBE2254E0BAA00561D1B /* UITableView+dequeueReusableCell.swift in Sources */,
				A71A228C254E267900868916 /* ProductsListResponse.swift in Sources */,
				A737EBD9254E0B5D00561D1B /* ReusableView.swift in Sources */,
				A737EBD0254DFED900561D1B /* Storyboarded.swift in Sources */,
				A737EC00254E195000561D1B /* ProductsListTableViewManager.swift in Sources */,
				A71A22BC254E486200868916 /* ProductDetailPresenter.swift in Sources */,
				A71D09AB254F6E1100EB4072 /* TextAlertDisplayer.swift in Sources */,
			);
			runOnlyForDeploymentPostprocessing = 0;
		};
		A7A7F415254DF0DA00D2CCCE /* Sources */ = {
			isa = PBXSourcesBuildPhase;
			buildActionMask = 2147483647;
			files = (
				A7A7F41E254DF0DA00D2CCCE /* ProductsEditorTests.swift in Sources */,
			);
			runOnlyForDeploymentPostprocessing = 0;
		};
		A7A7F420254DF0DB00D2CCCE /* Sources */ = {
			isa = PBXSourcesBuildPhase;
			buildActionMask = 2147483647;
			files = (
				A7A7F429254DF0DB00D2CCCE /* ProductsEditorUITests.swift in Sources */,
			);
			runOnlyForDeploymentPostprocessing = 0;
		};
/* End PBXSourcesBuildPhase section */

/* Begin PBXTargetDependency section */
		A7A7F41B254DF0DA00D2CCCE /* PBXTargetDependency */ = {
			isa = PBXTargetDependency;
			target = A7A7F402254DF0D900D2CCCE /* ProductsEditor */;
			targetProxy = A7A7F41A254DF0DA00D2CCCE /* PBXContainerItemProxy */;
		};
		A7A7F426254DF0DB00D2CCCE /* PBXTargetDependency */ = {
			isa = PBXTargetDependency;
			target = A7A7F402254DF0D900D2CCCE /* ProductsEditor */;
			targetProxy = A7A7F425254DF0DB00D2CCCE /* PBXContainerItemProxy */;
		};
/* End PBXTargetDependency section */

/* Begin PBXVariantGroup section */
		A7A7F40C254DF0D900D2CCCE /* Main.storyboard */ = {
			isa = PBXVariantGroup;
			children = (
				A7A7F40D254DF0D900D2CCCE /* Base */,
			);
			name = Main.storyboard;
			sourceTree = "<group>";
		};
		A7A7F411254DF0DA00D2CCCE /* LaunchScreen.storyboard */ = {
			isa = PBXVariantGroup;
			children = (
				A7A7F412254DF0DA00D2CCCE /* Base */,
			);
			name = LaunchScreen.storyboard;
			sourceTree = "<group>";
		};
/* End PBXVariantGroup section */

/* Begin XCBuildConfiguration section */
		A7A7F42B254DF0DB00D2CCCE /* Debug */ = {
			isa = XCBuildConfiguration;
			buildSettings = {
				ALWAYS_SEARCH_USER_PATHS = NO;
				CLANG_ANALYZER_NONNULL = YES;
				CLANG_ANALYZER_NUMBER_OBJECT_CONVERSION = YES_AGGRESSIVE;
				CLANG_CXX_LANGUAGE_STANDARD = "gnu++14";
				CLANG_CXX_LIBRARY = "libc++";
				CLANG_ENABLE_MODULES = YES;
				CLANG_ENABLE_OBJC_ARC = YES;
				CLANG_ENABLE_OBJC_WEAK = YES;
				CLANG_WARN_BLOCK_CAPTURE_AUTORELEASING = YES;
				CLANG_WARN_BOOL_CONVERSION = YES;
				CLANG_WARN_COMMA = YES;
				CLANG_WARN_CONSTANT_CONVERSION = YES;
				CLANG_WARN_DEPRECATED_OBJC_IMPLEMENTATIONS = YES;
				CLANG_WARN_DIRECT_OBJC_ISA_USAGE = YES_ERROR;
				CLANG_WARN_DOCUMENTATION_COMMENTS = YES;
				CLANG_WARN_EMPTY_BODY = YES;
				CLANG_WARN_ENUM_CONVERSION = YES;
				CLANG_WARN_INFINITE_RECURSION = YES;
				CLANG_WARN_INT_CONVERSION = YES;
				CLANG_WARN_NON_LITERAL_NULL_CONVERSION = YES;
				CLANG_WARN_OBJC_IMPLICIT_RETAIN_SELF = YES;
				CLANG_WARN_OBJC_LITERAL_CONVERSION = YES;
				CLANG_WARN_OBJC_ROOT_CLASS = YES_ERROR;
				CLANG_WARN_QUOTED_INCLUDE_IN_FRAMEWORK_HEADER = YES;
				CLANG_WARN_RANGE_LOOP_ANALYSIS = YES;
				CLANG_WARN_STRICT_PROTOTYPES = YES;
				CLANG_WARN_SUSPICIOUS_MOVE = YES;
				CLANG_WARN_UNGUARDED_AVAILABILITY = YES_AGGRESSIVE;
				CLANG_WARN_UNREACHABLE_CODE = YES;
				CLANG_WARN__DUPLICATE_METHOD_MATCH = YES;
				COPY_PHASE_STRIP = NO;
				DEBUG_INFORMATION_FORMAT = dwarf;
				ENABLE_STRICT_OBJC_MSGSEND = YES;
				ENABLE_TESTABILITY = YES;
				GCC_C_LANGUAGE_STANDARD = gnu11;
				GCC_DYNAMIC_NO_PIC = NO;
				GCC_NO_COMMON_BLOCKS = YES;
				GCC_OPTIMIZATION_LEVEL = 0;
				GCC_PREPROCESSOR_DEFINITIONS = (
					"DEBUG=1",
					"$(inherited)",
				);
				GCC_WARN_64_TO_32_BIT_CONVERSION = YES;
				GCC_WARN_ABOUT_RETURN_TYPE = YES_ERROR;
				GCC_WARN_UNDECLARED_SELECTOR = YES;
				GCC_WARN_UNINITIALIZED_AUTOS = YES_AGGRESSIVE;
				GCC_WARN_UNUSED_FUNCTION = YES;
				GCC_WARN_UNUSED_VARIABLE = YES;
				IPHONEOS_DEPLOYMENT_TARGET = 13.0;
				MTL_ENABLE_DEBUG_INFO = INCLUDE_SOURCE;
				MTL_FAST_MATH = YES;
				ONLY_ACTIVE_ARCH = YES;
				SDKROOT = iphoneos;
				SWIFT_ACTIVE_COMPILATION_CONDITIONS = DEBUG;
				SWIFT_OPTIMIZATION_LEVEL = "-Onone";
			};
			name = Debug;
		};
		A7A7F42C254DF0DB00D2CCCE /* Release */ = {
			isa = XCBuildConfiguration;
			buildSettings = {
				ALWAYS_SEARCH_USER_PATHS = NO;
				CLANG_ANALYZER_NONNULL = YES;
				CLANG_ANALYZER_NUMBER_OBJECT_CONVERSION = YES_AGGRESSIVE;
				CLANG_CXX_LANGUAGE_STANDARD = "gnu++14";
				CLANG_CXX_LIBRARY = "libc++";
				CLANG_ENABLE_MODULES = YES;
				CLANG_ENABLE_OBJC_ARC = YES;
				CLANG_ENABLE_OBJC_WEAK = YES;
				CLANG_WARN_BLOCK_CAPTURE_AUTORELEASING = YES;
				CLANG_WARN_BOOL_CONVERSION = YES;
				CLANG_WARN_COMMA = YES;
				CLANG_WARN_CONSTANT_CONVERSION = YES;
				CLANG_WARN_DEPRECATED_OBJC_IMPLEMENTATIONS = YES;
				CLANG_WARN_DIRECT_OBJC_ISA_USAGE = YES_ERROR;
				CLANG_WARN_DOCUMENTATION_COMMENTS = YES;
				CLANG_WARN_EMPTY_BODY = YES;
				CLANG_WARN_ENUM_CONVERSION = YES;
				CLANG_WARN_INFINITE_RECURSION = YES;
				CLANG_WARN_INT_CONVERSION = YES;
				CLANG_WARN_NON_LITERAL_NULL_CONVERSION = YES;
				CLANG_WARN_OBJC_IMPLICIT_RETAIN_SELF = YES;
				CLANG_WARN_OBJC_LITERAL_CONVERSION = YES;
				CLANG_WARN_OBJC_ROOT_CLASS = YES_ERROR;
				CLANG_WARN_QUOTED_INCLUDE_IN_FRAMEWORK_HEADER = YES;
				CLANG_WARN_RANGE_LOOP_ANALYSIS = YES;
				CLANG_WARN_STRICT_PROTOTYPES = YES;
				CLANG_WARN_SUSPICIOUS_MOVE = YES;
				CLANG_WARN_UNGUARDED_AVAILABILITY = YES_AGGRESSIVE;
				CLANG_WARN_UNREACHABLE_CODE = YES;
				CLANG_WARN__DUPLICATE_METHOD_MATCH = YES;
				COPY_PHASE_STRIP = NO;
				DEBUG_INFORMATION_FORMAT = "dwarf-with-dsym";
				ENABLE_NS_ASSERTIONS = NO;
				ENABLE_STRICT_OBJC_MSGSEND = YES;
				GCC_C_LANGUAGE_STANDARD = gnu11;
				GCC_NO_COMMON_BLOCKS = YES;
				GCC_WARN_64_TO_32_BIT_CONVERSION = YES;
				GCC_WARN_ABOUT_RETURN_TYPE = YES_ERROR;
				GCC_WARN_UNDECLARED_SELECTOR = YES;
				GCC_WARN_UNINITIALIZED_AUTOS = YES_AGGRESSIVE;
				GCC_WARN_UNUSED_FUNCTION = YES;
				GCC_WARN_UNUSED_VARIABLE = YES;
				IPHONEOS_DEPLOYMENT_TARGET = 13.0;
				MTL_ENABLE_DEBUG_INFO = NO;
				MTL_FAST_MATH = YES;
				SDKROOT = iphoneos;
				SWIFT_COMPILATION_MODE = wholemodule;
				SWIFT_OPTIMIZATION_LEVEL = "-O";
				VALIDATE_PRODUCT = YES;
			};
			name = Release;
		};
		A7A7F42E254DF0DB00D2CCCE /* Debug */ = {
			isa = XCBuildConfiguration;
			baseConfigurationReference = 981DCE265D70C28D90DF6C82 /* Pods-ProductsEditor.debug.xcconfig */;
			buildSettings = {
				ASSETCATALOG_COMPILER_APPICON_NAME = AppIcon;
				ASSETCATALOG_COMPILER_GLOBAL_ACCENT_COLOR_NAME = AccentColor;
				CODE_SIGN_STYLE = Automatic;
				DEVELOPMENT_TEAM = J3XFT964L7;
				INFOPLIST_FILE = ProductsEditor/Info.plist;
				IPHONEOS_DEPLOYMENT_TARGET = 13.0;
				LD_RUNPATH_SEARCH_PATHS = (
					"$(inherited)",
					"@executable_path/Frameworks",
				);
				PRODUCT_BUNDLE_IDENTIFIER = com.mauroromito.ProductsEditor;
				PRODUCT_NAME = "$(TARGET_NAME)";
				SWIFT_VERSION = 5.0;
				TARGETED_DEVICE_FAMILY = 1;
			};
			name = Debug;
		};
		A7A7F42F254DF0DB00D2CCCE /* Release */ = {
			isa = XCBuildConfiguration;
			baseConfigurationReference = 99AAD3D0FD975156208B9468 /* Pods-ProductsEditor.release.xcconfig */;
			buildSettings = {
				ASSETCATALOG_COMPILER_APPICON_NAME = AppIcon;
				ASSETCATALOG_COMPILER_GLOBAL_ACCENT_COLOR_NAME = AccentColor;
				CODE_SIGN_STYLE = Automatic;
				DEVELOPMENT_TEAM = J3XFT964L7;
				INFOPLIST_FILE = ProductsEditor/Info.plist;
				IPHONEOS_DEPLOYMENT_TARGET = 13.0;
				LD_RUNPATH_SEARCH_PATHS = (
					"$(inherited)",
					"@executable_path/Frameworks",
				);
				PRODUCT_BUNDLE_IDENTIFIER = com.mauroromito.ProductsEditor;
				PRODUCT_NAME = "$(TARGET_NAME)";
				SWIFT_VERSION = 5.0;
				TARGETED_DEVICE_FAMILY = 1;
			};
			name = Release;
		};
		A7A7F431254DF0DB00D2CCCE /* Debug */ = {
			isa = XCBuildConfiguration;
			buildSettings = {
				ALWAYS_EMBED_SWIFT_STANDARD_LIBRARIES = YES;
				BUNDLE_LOADER = "$(TEST_HOST)";
				CODE_SIGN_STYLE = Automatic;
				DEVELOPMENT_TEAM = J3XFT964L7;
				INFOPLIST_FILE = ProductsEditorTests/Info.plist;
				IPHONEOS_DEPLOYMENT_TARGET = 14.0;
				LD_RUNPATH_SEARCH_PATHS = (
					"$(inherited)",
					"@executable_path/Frameworks",
					"@loader_path/Frameworks",
				);
				PRODUCT_BUNDLE_IDENTIFIER = com.mauroromito.ProductsEditorTests;
				PRODUCT_NAME = "$(TARGET_NAME)";
				SWIFT_VERSION = 5.0;
				TARGETED_DEVICE_FAMILY = "1,2";
				TEST_HOST = "$(BUILT_PRODUCTS_DIR)/ProductsEditor.app/ProductsEditor";
			};
			name = Debug;
		};
		A7A7F432254DF0DB00D2CCCE /* Release */ = {
			isa = XCBuildConfiguration;
			buildSettings = {
				ALWAYS_EMBED_SWIFT_STANDARD_LIBRARIES = YES;
				BUNDLE_LOADER = "$(TEST_HOST)";
				CODE_SIGN_STYLE = Automatic;
				DEVELOPMENT_TEAM = J3XFT964L7;
				INFOPLIST_FILE = ProductsEditorTests/Info.plist;
				IPHONEOS_DEPLOYMENT_TARGET = 14.0;
				LD_RUNPATH_SEARCH_PATHS = (
					"$(inherited)",
					"@executable_path/Frameworks",
					"@loader_path/Frameworks",
				);
				PRODUCT_BUNDLE_IDENTIFIER = com.mauroromito.ProductsEditorTests;
				PRODUCT_NAME = "$(TARGET_NAME)";
				SWIFT_VERSION = 5.0;
				TARGETED_DEVICE_FAMILY = "1,2";
				TEST_HOST = "$(BUILT_PRODUCTS_DIR)/ProductsEditor.app/ProductsEditor";
			};
			name = Release;
		};
		A7A7F434254DF0DB00D2CCCE /* Debug */ = {
			isa = XCBuildConfiguration;
			buildSettings = {
				ALWAYS_EMBED_SWIFT_STANDARD_LIBRARIES = YES;
				CODE_SIGN_STYLE = Automatic;
				DEVELOPMENT_TEAM = J3XFT964L7;
				INFOPLIST_FILE = ProductsEditorUITests/Info.plist;
				LD_RUNPATH_SEARCH_PATHS = (
					"$(inherited)",
					"@executable_path/Frameworks",
					"@loader_path/Frameworks",
				);
				PRODUCT_BUNDLE_IDENTIFIER = com.mauroromito.ProductsEditorUITests;
				PRODUCT_NAME = "$(TARGET_NAME)";
				SWIFT_VERSION = 5.0;
				TARGETED_DEVICE_FAMILY = "1,2";
				TEST_TARGET_NAME = ProductsEditor;
			};
			name = Debug;
		};
		A7A7F435254DF0DB00D2CCCE /* Release */ = {
			isa = XCBuildConfiguration;
			buildSettings = {
				ALWAYS_EMBED_SWIFT_STANDARD_LIBRARIES = YES;
				CODE_SIGN_STYLE = Automatic;
				DEVELOPMENT_TEAM = J3XFT964L7;
				INFOPLIST_FILE = ProductsEditorUITests/Info.plist;
				LD_RUNPATH_SEARCH_PATHS = (
					"$(inherited)",
					"@executable_path/Frameworks",
					"@loader_path/Frameworks",
				);
				PRODUCT_BUNDLE_IDENTIFIER = com.mauroromito.ProductsEditorUITests;
				PRODUCT_NAME = "$(TARGET_NAME)";
				SWIFT_VERSION = 5.0;
				TARGETED_DEVICE_FAMILY = "1,2";
				TEST_TARGET_NAME = ProductsEditor;
			};
			name = Release;
		};
/* End XCBuildConfiguration section */

/* Begin XCConfigurationList section */
		A7A7F3FE254DF0D900D2CCCE /* Build configuration list for PBXProject "ProductsEditor" */ = {
			isa = XCConfigurationList;
			buildConfigurations = (
				A7A7F42B254DF0DB00D2CCCE /* Debug */,
				A7A7F42C254DF0DB00D2CCCE /* Release */,
			);
			defaultConfigurationIsVisible = 0;
			defaultConfigurationName = Release;
		};
		A7A7F42D254DF0DB00D2CCCE /* Build configuration list for PBXNativeTarget "ProductsEditor" */ = {
			isa = XCConfigurationList;
			buildConfigurations = (
				A7A7F42E254DF0DB00D2CCCE /* Debug */,
				A7A7F42F254DF0DB00D2CCCE /* Release */,
			);
			defaultConfigurationIsVisible = 0;
			defaultConfigurationName = Release;
		};
		A7A7F430254DF0DB00D2CCCE /* Build configuration list for PBXNativeTarget "ProductsEditorTests" */ = {
			isa = XCConfigurationList;
			buildConfigurations = (
				A7A7F431254DF0DB00D2CCCE /* Debug */,
				A7A7F432254DF0DB00D2CCCE /* Release */,
			);
			defaultConfigurationIsVisible = 0;
			defaultConfigurationName = Release;
		};
		A7A7F433254DF0DB00D2CCCE /* Build configuration list for PBXNativeTarget "ProductsEditorUITests" */ = {
			isa = XCConfigurationList;
			buildConfigurations = (
				A7A7F434254DF0DB00D2CCCE /* Debug */,
				A7A7F435254DF0DB00D2CCCE /* Release */,
			);
			defaultConfigurationIsVisible = 0;
			defaultConfigurationName = Release;
		};
/* End XCConfigurationList section */
	};
	rootObject = A7A7F3FB254DF0D900D2CCCE /* Project object */;
}
